<?xml version="1.0" encoding="utf-8"?>
<Project ToolsVersion="4.0" xmlns="http://schemas.microsoft.com/developer/msbuild/2003">
  <ItemGroup>
    <ClCompile Include="Source\Main.cpp" />
    <ClCompile Include="Source\Scenes\DemoScene.cpp" />
    <ClCompile Include="Source\Game.cpp" />
  </ItemGroup>
  <ItemGroup>
    <ClInclude Include="Source\Scenes\DemoScene.hpp" />
    <ClInclude Include="Source\Shaders\FragmentShader.hpp" />
    <ClInclude Include="Source\Shaders\VertexShader.hpp" />
    <ClInclude Include="Source\Game.hpp" />
    <ClInclude Include="Source\Game\GameContext.hpp" />
  </ItemGroup>
</Project>