
Microsoft Visual Studio Solution File, Format Version 12.00
# Visual Studio 14
VisualStudioVersion = 14.0.25420.1
MinimumVisualStudioVersion = 10.0.40219.1
Project("{8BC9CEB8-8B4A-11D0-8D11-00A0C91BC942}") = "Game", "Game\Game.vcxproj", "{EC3D1560-B3B5-4467-807B-B2586DED91E8}"
	ProjectSection(ProjectDependencies) = postProject
		{B6505002-09D2-4178-ADA0-B8B0429DA5B5} = {B6505002-09D2-4178-ADA0-B8B0429DA5B5}
	EndProjectSection
EndProject
Project("{8BC9CEB8-8B4A-11D0-8D11-00A0C91BC942}") = "ImasiEngine", "ImasiEngine\ImasiEngine.vcxproj", "{B6505002-09D2-4178-ADA0-B8B0429DA5B5}"
EndProject
Global
	GlobalSection(SolutionConfigurationPlatforms) = preSolution
		Debug|x64 = Debug|x64
		Debug|x86 = Debug|x86
		Release Static|x64 = Release Static|x64
		Release Static|x86 = Release Static|x86
		Release|x64 = Release|x64
		Release|x86 = Release|x86
	EndGlobalSection
	GlobalSection(ProjectConfigurationPlatforms) = postSolution
		{EC3D1560-B3B5-4467-807B-B2586DED91E8}.Debug|x64.ActiveCfg = Debug|x64
		{EC3D1560-B3B5-4467-807B-B2586DED91E8}.Debug|x64.Build.0 = Debug|x64
		{EC3D1560-B3B5-4467-807B-B2586DED91E8}.Debug|x86.ActiveCfg = Debug|Win32
		{EC3D1560-B3B5-4467-807B-B2586DED91E8}.Debug|x86.Build.0 = Debug|Win32
		{EC3D1560-B3B5-4467-807B-B2586DED91E8}.Release Static|x64.ActiveCfg = Release Static|x64
		{EC3D1560-B3B5-4467-807B-B2586DED91E8}.Release Static|x64.Build.0 = Release Static|x64
		{EC3D1560-B3B5-4467-807B-B2586DED91E8}.Release Static|x86.ActiveCfg = Release Static|Win32
		{EC3D1560-B3B5-4467-807B-B2586DED91E8}.Release Static|x86.Build.0 = Release Static|Win32
		{EC3D1560-B3B5-4467-807B-B2586DED91E8}.Release|x64.ActiveCfg = Release|x64
		{EC3D1560-B3B5-4467-807B-B2586DED91E8}.Release|x64.Build.0 = Release|x64
		{EC3D1560-B3B5-4467-807B-B2586DED91E8}.Release|x86.ActiveCfg = Release|Win32
		{EC3D1560-B3B5-4467-807B-B2586DED91E8}.Release|x86.Build.0 = Release|Win32
		{B6505002-09D2-4178-ADA0-B8B0429DA5B5}.Debug|x64.ActiveCfg = Debug|x64
		{B6505002-09D2-4178-ADA0-B8B0429DA5B5}.Debug|x64.Build.0 = Debug|x64
		{B6505002-09D2-4178-ADA0-B8B0429DA5B5}.Debug|x86.ActiveCfg = Debug|Win32
		{B6505002-09D2-4178-ADA0-B8B0429DA5B5}.Debug|x86.Build.0 = Debug|Win32
		{B6505002-09D2-4178-ADA0-B8B0429DA5B5}.Release Static|x64.ActiveCfg = Release Static|x64
		{B6505002-09D2-4178-ADA0-B8B0429DA5B5}.Release Static|x64.Build.0 = Release Static|x64
		{B6505002-09D2-4178-ADA0-B8B0429DA5B5}.Release Static|x86.ActiveCfg = Release Static|Win32
		{B6505002-09D2-4178-ADA0-B8B0429DA5B5}.Release Static|x86.Build.0 = Release Static|Win32
		{B6505002-09D2-4178-ADA0-B8B0429DA5B5}.Release|x64.ActiveCfg = Release|x64
		{B6505002-09D2-4178-ADA0-B8B0429DA5B5}.Release|x64.Build.0 = Release|x64
		{B6505002-09D2-4178-ADA0-B8B0429DA5B5}.Release|x86.ActiveCfg = Release|Win32
		{B6505002-09D2-4178-ADA0-B8B0429DA5B5}.Release|x86.Build.0 = Release|Win32
	EndGlobalSection
	GlobalSection(SolutionProperties) = preSolution
		HideSolutionNode = FALSE
	EndGlobalSection
EndGlobal
