<?xml version="1.0" encoding="utf-8"?>
<Project ToolsVersion="4.0" xmlns="http://schemas.microsoft.com/developer/msbuild/2003">
  <ItemGroup>
    <ClCompile Include="Source\Utils\Logger.cpp" />
    <ClCompile Include="Source\Graphics\Window.cpp" />
    <ClCompile Include="Source\Engine.cpp" />
    <ClCompile Include="Source\Graphics\Buffers\Buffer.cpp" />
    <ClCompile Include="Source\Graphics\Buffers\VertexArray.cpp" />
    <ClCompile Include="Source\Graphics\Shaders\Shader.cpp" />
    <ClCompile Include="Source\Utils\OpenglDebugger.cpp" />
    <ClCompile Include="Source\Engine\Scene.cpp" />
  </ItemGroup>
  <ItemGroup>
    <ClInclude Include="Source\Utils\Logger.hpp" />
    <ClInclude Include="Source\Utils\OpenglDebugger.hpp" />
    <ClInclude Include="Source\Graphics\Window.hpp" />
    <ClInclude Include="Source\Engine.hpp" />
    <ClInclude Include="Source\Utils\Preprocessor.hpp" />
    <ClInclude Include="Source\Graphics\Buffers\Buffer.hpp" />
    <ClInclude Include="Source\Graphics\Buffers\VertexArray.hpp" />
    <ClInclude Include="Source\Graphics\Buffers\BufferType.hpp" />
    <ClInclude Include="Source\Graphics\Shaders\Shader.hpp" />
    <ClInclude Include="Source\Graphics\SfmlOpengl.hpp" />
    <ClInclude Include="Source\Engine\Scene.hpp" />
  </ItemGroup>
</Project>