<?xml version="1.0" encoding="utf-8"?>
<Project ToolsVersion="4.0" xmlns="http://schemas.microsoft.com/developer/msbuild/2003">
  <ItemGroup>
    <ClCompile Include="Source\Utils\Logger.cpp" />
    <ClCompile Include="Source\Graphics\Buffers\Buffer.cpp" />
    <ClCompile Include="Source\Graphics\Buffers\VertexArray.cpp" />
    <ClCompile Include="Source\Engine\Scene.cpp" />
    <ClCompile Include="Source\Engine\Window.cpp" />
    <ClCompile Include="Source\Graphics\Textures\Texture.cpp" />
    <ClCompile Include="Source\Graphics\Textures\ColorTexture2D.cpp" />
    <ClCompile Include="Source\Graphics\Buffers\IndexBuffer.cpp" />
    <ClCompile Include="Source\Graphics\Buffers\ArrayBuffer.cpp" />
    <ClCompile Include="Source\Graphics\Cameras\Camera.cpp" />
    <ClCompile Include="Source\Graphics\Renderers\InstancedRenderer.cpp" />
    <ClCompile Include="Source\Graphics\Renderers\SimpleRenderer.cpp" />
    <ClCompile Include="Source\Graphics\Renderers\Renderer.cpp" />
    <ClCompile Include="Source\Graphics\Programs\FragmentShader.cpp" />
    <ClCompile Include="Source\Graphics\Programs\Shader.cpp" />
    <ClCompile Include="Source\Graphics\Programs\VertexShader.cpp" />
    <ClCompile Include="Source\Graphics\Programs\Program.cpp" />
    <ClCompile Include="Source\Graphics\Entities\Entity.cpp" />
    <ClCompile Include="Source\Graphics\Meshes\Mesh.cpp" />
    <ClCompile Include="Source\Engine\Engine.cpp" />
    <ClCompile Include="Source\Graphics\Opengl\GLObject.cpp" />
    <ClCompile Include="Source\Graphics\Opengl\OpenglHelper.cpp" />
  </ItemGroup>
  <ItemGroup>
    <ClInclude Include="Source\Utils\Logger.hpp" />
    <ClInclude Include="Source\Graphics\Buffers\Buffer.hpp" />
    <ClInclude Include="Source\Graphics\Buffers\VertexArray.hpp" />
    <ClInclude Include="Source\Engine\Scene.hpp" />
    <ClInclude Include="Source\Engine\Window.hpp" />
    <ClInclude Include="Source\Graphics\Textures\Texture.hpp" />
    <ClInclude Include="Source\Graphics\Textures\ColorTexture2D.hpp" />
    <ClInclude Include="Source\Graphics\Buffers\IndexBuffer.hpp" />
    <ClInclude Include="Source\Graphics\Buffers\ArrayBuffer.hpp" />
    <ClInclude Include="Source\Graphics\Buffers\ArrayBufferType.hpp" />
    <ClInclude Include="Source\DeleteMe\MeshLoader.hpp" />
    <ClInclude Include="Source\Engine\EngineEvent.hpp" />
    <ClInclude Include="Source\Engine\SceneEvent.hpp" />
    <ClInclude Include="Source\Resources\ResourceContainer.hpp" />
    <ClInclude Include="Source\Graphics\Renderers\Renderer.hpp" />
    <ClInclude Include="Source\Graphics\Cameras\Camera.hpp" />
    <ClInclude Include="Source\Graphics\Renderers\InstancedRenderer.hpp" />
    <ClInclude Include="Source\Graphics\Renderers\SimpleRenderer.hpp" />
    <ClInclude Include="Source\Graphics\Programs\FragmentShader.hpp" />
    <ClInclude Include="Source\Graphics\Programs\Shader.hpp" />
    <ClInclude Include="Source\Graphics\Programs\VertexShader.hpp" />
    <ClInclude Include="Source\Graphics\Programs\Program.hpp" />
    <ClInclude Include="Source\Graphics\Entities\Entity.hpp" />
    <ClInclude Include="Source\Graphics\Materials\Material.hpp" />
    <ClInclude Include="Source\Graphics\Meshes\Mesh.hpp" />
    <ClInclude Include="Source\Graphics\Models\Model.hpp" />
    <ClInclude Include="Source\ImasiEngine.hpp" />
    <ClInclude Include="Source\Engine\Engine.hpp" />
    <ClInclude Include="Source\Graphics\Opengl\GLObject.hpp" />
    <ClInclude Include="Source\Graphics\Opengl\OpenglHelper.hpp" />
    <ClInclude Include="Source\Resources\Cached.hpp" />
    <ClInclude Include="Source\Graphics\Buffers\BufferAttribute.hpp" />
    <ClInclude Include="Source\Exceptions\InvalidArgumentException.hpp" />
    <ClInclude Include="Source\Exceptions\OpenglException.hpp" />
    <ClInclude Include="Source\Graphics\Opengl\Enums\BufferType.hpp" />
    <ClInclude Include="Source\Graphics\Opengl\Enums\BufferUsage.hpp" />
    <ClInclude Include="Source\Graphics\Opengl\Enums\DrawMode.hpp" />
    <ClInclude Include="Source\Graphics\Opengl\Enums\ShaderType.hpp" />
    <ClInclude Include="Source\Graphics\Opengl\Enums\TextureType.hpp" />
    <ClInclude Include="Source\Graphics\Opengl\Enums\DataType.hpp" />
  </ItemGroup>
</Project>