<?xml version="1.0" encoding="utf-8"?>
<Project ToolsVersion="4.0" xmlns="http://schemas.microsoft.com/developer/msbuild/2003">
  <ItemGroup>
    <ClCompile Include="Source\Utils\Logger.cpp" />
    <ClCompile Include="Source\Engine.cpp" />
    <ClCompile Include="Source\Graphics\Buffers\Buffer.cpp" />
    <ClCompile Include="Source\Graphics\Buffers\VertexArray.cpp" />
    <ClCompile Include="Source\Engine\Scene.cpp" />
    <ClCompile Include="Source\Utils\Opengl.cpp" />
    <ClCompile Include="Source\Engine\Window.cpp" />
    <ClCompile Include="Source\Graphics\Shaders\Shader.cpp" />
    <ClCompile Include="Source\Graphics\Shaders\VertexShader.cpp" />
    <ClCompile Include="Source\Graphics\Textures\Texture.cpp" />
    <ClCompile Include="Source\Graphics\Textures\ColorTexture2D.cpp" />
    <ClCompile Include="Source\Graphics\Program.cpp" />
    <ClCompile Include="Source\Graphics\Shaders\FragmentShader.cpp" />
    <ClCompile Include="Source\Graphics\GLObject.cpp" />
    <ClCompile Include="Source\Graphics\Buffers\IndexBuffer.cpp" />
  </ItemGroup>
  <ItemGroup>
    <ClInclude Include="Source\Utils\Logger.hpp" />
    <ClInclude Include="Source\Engine.hpp" />
    <ClInclude Include="Source\Graphics\Buffers\Buffer.hpp" />
    <ClInclude Include="Source\Graphics\Buffers\VertexArray.hpp" />
    <ClInclude Include="Source\Graphics\Buffers\BufferType.hpp" />
    <ClInclude Include="Source\Engine\Scene.hpp" />
    <ClInclude Include="Source\Utils\Opengl.hpp" />
    <ClInclude Include="Source\Engine\Window.hpp" />
    <ClInclude Include="Source\Graphics\Shaders\Shader.hpp" />
    <ClInclude Include="Source\Graphics\Shaders\VertexShader.hpp" />
    <ClInclude Include="Source\Graphics\Textures\Texture.hpp" />
    <ClInclude Include="Source\Graphics\Textures\ColorTexture2D.hpp" />
    <ClInclude Include="Source\Graphics\Program.hpp" />
    <ClInclude Include="Source\Graphics\Shaders\FragmentShader.hpp" />
    <ClInclude Include="Source\Graphics\GLObject.hpp" />
    <ClInclude Include="Source\Graphics\Buffers\IndexBuffer.hpp" />
  </ItemGroup>
</Project>